
Microsoft Visual Studio Solution File, Format Version 12.00
# Visual Studio Version 17
VisualStudioVersion = 17.0.31903.59
MinimumVisualStudioVersion = 10.0.40219.1
Project("{FAE04EC0-301F-11D3-BF4B-00C04F79EFBC}") = "ClassLibrary1", "ClassLibrary1\ClassLibrary1.csproj", "{7F9F734E-1823-408F-9141-87BEE9638512}"
EndProject
Project("{FAE04EC0-301F-11D3-BF4B-00C04F79EFBC}") = "ConsoleApp1", "ConsoleApp1\ConsoleApp1.csproj", "{34A50CD4-939D-45B6-96C2-E1E80BC04D96}"
EndProject
Global
	GlobalSection(SolutionConfigurationPlatforms) = preSolution
		Debug|Any CPU = Debug|Any CPU
		Release|Any CPU = Release|Any CPU
	EndGlobalSection
	GlobalSection(SolutionProperties) = preSolution
		HideSolutionNode = FALSE
	EndGlobalSection
	GlobalSection(ProjectConfigurationPlatforms) = postSolution
		{7F9F734E-1823-408F-9141-87BEE9638512}.Debug|Any CPU.ActiveCfg = Debug|Any CPU
		{7F9F734E-1823-408F-9141-87BEE9638512}.Debug|Any CPU.Build.0 = Debug|Any CPU
		{7F9F734E-1823-408F-9141-87BEE9638512}.Release|Any CPU.ActiveCfg = Release|Any CPU
		{7F9F734E-1823-408F-9141-87BEE9638512}.Release|Any CPU.Build.0 = Release|Any CPU
		{34A50CD4-939D-45B6-96C2-E1E80BC04D96}.Debug|Any CPU.ActiveCfg = Debug|Any CPU
		{34A50CD4-939D-45B6-96C2-E1E80BC04D96}.Debug|Any CPU.Build.0 = Debug|Any CPU
		{34A50CD4-939D-45B6-96C2-E1E80BC04D96}.Release|Any CPU.ActiveCfg = Release|Any CPU
		{34A50CD4-939D-45B6-96C2-E1E80BC04D96}.Release|Any CPU.Build.0 = Release|Any CPU
	EndGlobalSection
EndGlobal
